// !$*UTF8*$!
{
	archiveVersion = 1;
	classes = {
	};
	objectVersion = 55;
	objects = {

/* Begin PBXBuildFile section */
		48B5723027D04C610003B3C9 /* TitleCollectionViewCell.swift in Sources */ = {isa = PBXBuildFile; fileRef = 48B5722F27D04C610003B3C9 /* TitleCollectionViewCell.swift */; };
		48B5723327D0505C0003B3C9 /* APICaller.swift in Sources */ = {isa = PBXBuildFile; fileRef = 48B5723227D0505C0003B3C9 /* APICaller.swift */; };
		48B5723527D051680003B3C9 /* Title.swift in Sources */ = {isa = PBXBuildFile; fileRef = 48B5723427D051680003B3C9 /* Title.swift */; };
		48B5723727D0533F0003B3C9 /* YoutubeSearchResponse.swift in Sources */ = {isa = PBXBuildFile; fileRef = 48B5723627D0533F0003B3C9 /* YoutubeSearchResponse.swift */; };
		48B5723927D0545F0003B3C9 /* TitleViewModel.swift in Sources */ = {isa = PBXBuildFile; fileRef = 48B5723827D0545F0003B3C9 /* TitleViewModel.swift */; };
		48B5723C27D0564F0003B3C9 /* SDWebImage in Frameworks */ = {isa = PBXBuildFile; productRef = 48B5723B27D0564F0003B3C9 /* SDWebImage */; };
		48B5723E27D0564F0003B3C9 /* SDWebImageMapKit in Frameworks */ = {isa = PBXBuildFile; productRef = 48B5723D27D0564F0003B3C9 /* SDWebImageMapKit */; };
		48B5724227D09BCC0003B3C9 /* SearchResultsController.swift in Sources */ = {isa = PBXBuildFile; fileRef = 48B5724127D09BCC0003B3C9 /* SearchResultsController.swift */; };
		48B5724427D09E7E0003B3C9 /* TitleTableViewCell.swift in Sources */ = {isa = PBXBuildFile; fileRef = 48B5724327D09E7E0003B3C9 /* TitleTableViewCell.swift */; };
		48B5724627D0A2490003B3C9 /* TitlePreviewViewModel.swift in Sources */ = {isa = PBXBuildFile; fileRef = 48B5724527D0A2490003B3C9 /* TitlePreviewViewModel.swift */; };
		48B5724827D0A4E20003B3C9 /* TitlePreviewController.swift in Sources */ = {isa = PBXBuildFile; fileRef = 48B5724727D0A4E20003B3C9 /* TitlePreviewController.swift */; };
		48B5724B27D3395E0003B3C9 /* ExploreController.swift in Sources */ = {isa = PBXBuildFile; fileRef = 48B5724A27D3395E0003B3C9 /* ExploreController.swift */; };
		48E92ED527CF6A1D00644FD6 /* AppDelegate.swift in Sources */ = {isa = PBXBuildFile; fileRef = 48E92ED427CF6A1D00644FD6 /* AppDelegate.swift */; };
		48E92ED727CF6A1D00644FD6 /* SceneDelegate.swift in Sources */ = {isa = PBXBuildFile; fileRef = 48E92ED627CF6A1D00644FD6 /* SceneDelegate.swift */; };
		48E92ED927CF6A1D00644FD6 /* HomeController.swift in Sources */ = {isa = PBXBuildFile; fileRef = 48E92ED827CF6A1D00644FD6 /* HomeController.swift */; };
		48E92EDE27CF6A1E00644FD6 /* Assets.xcassets in Resources */ = {isa = PBXBuildFile; fileRef = 48E92EDD27CF6A1E00644FD6 /* Assets.xcassets */; };
		48E92EE127CF6A1E00644FD6 /* LaunchScreen.storyboard in Resources */ = {isa = PBXBuildFile; fileRef = 48E92EDF27CF6A1E00644FD6 /* LaunchScreen.storyboard */; };
		48E92EE927CF6F6900644FD6 /* CollectionViewTableViewCell.swift in Sources */ = {isa = PBXBuildFile; fileRef = 48E92EE827CF6F6900644FD6 /* CollectionViewTableViewCell.swift */; };
		48E92EEB27CF721700644FD6 /* HeroHeaderView.swift in Sources */ = {isa = PBXBuildFile; fileRef = 48E92EEA27CF721700644FD6 /* HeroHeaderView.swift */; };
		48E92EED27CF726500644FD6 /* Extensions.swift in Sources */ = {isa = PBXBuildFile; fileRef = 48E92EEC27CF726500644FD6 /* Extensions.swift */; };
/* End PBXBuildFile section */

/* Begin PBXFileReference section */
		48B5722F27D04C610003B3C9 /* TitleCollectionViewCell.swift */ = {isa = PBXFileReference; lastKnownFileType = sourcecode.swift; path = TitleCollectionViewCell.swift; sourceTree = "<group>"; };
		48B5723227D0505C0003B3C9 /* APICaller.swift */ = {isa = PBXFileReference; lastKnownFileType = sourcecode.swift; path = APICaller.swift; sourceTree = "<group>"; };
		48B5723427D051680003B3C9 /* Title.swift */ = {isa = PBXFileReference; lastKnownFileType = sourcecode.swift; path = Title.swift; sourceTree = "<group>"; };
		48B5723627D0533F0003B3C9 /* YoutubeSearchResponse.swift */ = {isa = PBXFileReference; lastKnownFileType = sourcecode.swift; path = YoutubeSearchResponse.swift; sourceTree = "<group>"; };
		48B5723827D0545F0003B3C9 /* TitleViewModel.swift */ = {isa = PBXFileReference; lastKnownFileType = sourcecode.swift; path = TitleViewModel.swift; sourceTree = "<group>"; };
		48B5724127D09BCC0003B3C9 /* SearchResultsController.swift */ = {isa = PBXFileReference; lastKnownFileType = sourcecode.swift; path = SearchResultsController.swift; sourceTree = "<group>"; };
		48B5724327D09E7E0003B3C9 /* TitleTableViewCell.swift */ = {isa = PBXFileReference; lastKnownFileType = sourcecode.swift; path = TitleTableViewCell.swift; sourceTree = "<group>"; };
		48B5724527D0A2490003B3C9 /* TitlePreviewViewModel.swift */ = {isa = PBXFileReference; lastKnownFileType = sourcecode.swift; path = TitlePreviewViewModel.swift; sourceTree = "<group>"; };
		48B5724727D0A4E20003B3C9 /* TitlePreviewController.swift */ = {isa = PBXFileReference; lastKnownFileType = sourcecode.swift; path = TitlePreviewController.swift; sourceTree = "<group>"; };
		48B5724A27D3395E0003B3C9 /* ExploreController.swift */ = {isa = PBXFileReference; lastKnownFileType = sourcecode.swift; path = ExploreController.swift; sourceTree = "<group>"; };
		48E92ED127CF6A1D00644FD6 /* TMDB Project.app */ = {isa = PBXFileReference; explicitFileType = wrapper.application; includeInIndex = 0; path = "TMDB Project.app"; sourceTree = BUILT_PRODUCTS_DIR; };
		48E92ED427CF6A1D00644FD6 /* AppDelegate.swift */ = {isa = PBXFileReference; lastKnownFileType = sourcecode.swift; path = AppDelegate.swift; sourceTree = "<group>"; };
		48E92ED627CF6A1D00644FD6 /* SceneDelegate.swift */ = {isa = PBXFileReference; lastKnownFileType = sourcecode.swift; path = SceneDelegate.swift; sourceTree = "<group>"; };
		48E92ED827CF6A1D00644FD6 /* HomeController.swift */ = {isa = PBXFileReference; lastKnownFileType = sourcecode.swift; path = HomeController.swift; sourceTree = "<group>"; };
		48E92EDD27CF6A1E00644FD6 /* Assets.xcassets */ = {isa = PBXFileReference; lastKnownFileType = folder.assetcatalog; path = Assets.xcassets; sourceTree = "<group>"; };
		48E92EE027CF6A1E00644FD6 /* Base */ = {isa = PBXFileReference; lastKnownFileType = file.storyboard; name = Base; path = Base.lproj/LaunchScreen.storyboard; sourceTree = "<group>"; };
		48E92EE227CF6A1E00644FD6 /* Info.plist */ = {isa = PBXFileReference; lastKnownFileType = text.plist.xml; path = Info.plist; sourceTree = "<group>"; };
		48E92EE827CF6F6900644FD6 /* CollectionViewTableViewCell.swift */ = {isa = PBXFileReference; lastKnownFileType = sourcecode.swift; path = CollectionViewTableViewCell.swift; sourceTree = "<group>"; };
		48E92EEA27CF721700644FD6 /* HeroHeaderView.swift */ = {isa = PBXFileReference; lastKnownFileType = sourcecode.swift; path = HeroHeaderView.swift; sourceTree = "<group>"; };
		48E92EEC27CF726500644FD6 /* Extensions.swift */ = {isa = PBXFileReference; lastKnownFileType = sourcecode.swift; path = Extensions.swift; sourceTree = "<group>"; };
/* End PBXFileReference section */

/* Begin PBXFrameworksBuildPhase section */
		48E92ECE27CF6A1D00644FD6 /* Frameworks */ = {
			isa = PBXFrameworksBuildPhase;
			buildActionMask = 2147483647;
			files = (
				48B5723E27D0564F0003B3C9 /* SDWebImageMapKit in Frameworks */,
				48B5723C27D0564F0003B3C9 /* SDWebImage in Frameworks */,
			);
			runOnlyForDeploymentPostprocessing = 0;
		};
/* End PBXFrameworksBuildPhase section */

/* Begin PBXGroup section */
		48B5722A27D04A570003B3C9 /* Model */ = {
			isa = PBXGroup;
			children = (
				48B5723427D051680003B3C9 /* Title.swift */,
				48B5723627D0533F0003B3C9 /* YoutubeSearchResponse.swift */,
			);
			path = Model;
			sourceTree = "<group>";
		};
		48B5722B27D04A5F0003B3C9 /* View */ = {
			isa = PBXGroup;
			children = (
				48E92EEA27CF721700644FD6 /* HeroHeaderView.swift */,
				48E92EE827CF6F6900644FD6 /* CollectionViewTableViewCell.swift */,
				48B5722F27D04C610003B3C9 /* TitleCollectionViewCell.swift */,
				48B5724327D09E7E0003B3C9 /* TitleTableViewCell.swift */,
			);
			path = View;
			sourceTree = "<group>";
		};
		48B5722C27D04A680003B3C9 /* ViewModel */ = {
			isa = PBXGroup;
			children = (
				48B5723827D0545F0003B3C9 /* TitleViewModel.swift */,
				48B5724527D0A2490003B3C9 /* TitlePreviewViewModel.swift */,
			);
			path = ViewModel;
			sourceTree = "<group>";
		};
		48B5722D27D04A710003B3C9 /* Controller */ = {
			isa = PBXGroup;
			children = (
				48E92ED827CF6A1D00644FD6 /* HomeController.swift */,
				48B5724A27D3395E0003B3C9 /* ExploreController.swift */,
				48B5724927D0A9B60003B3C9 /* General */,
			);
			path = Controller;
			sourceTree = "<group>";
		};
		48B5722E27D04A800003B3C9 /* Utils */ = {
			isa = PBXGroup;
			children = (
				48E92EEC27CF726500644FD6 /* Extensions.swift */,
			);
			path = Utils;
			sourceTree = "<group>";
		};
		48B5723127D04FD40003B3C9 /* API */ = {
			isa = PBXGroup;
			children = (
				48B5723227D0505C0003B3C9 /* APICaller.swift */,
			);
			path = API;
			sourceTree = "<group>";
		};
		48B5724927D0A9B60003B3C9 /* General */ = {
			isa = PBXGroup;
			children = (
				48B5724127D09BCC0003B3C9 /* SearchResultsController.swift */,
				48B5724727D0A4E20003B3C9 /* TitlePreviewController.swift */,
			);
			path = General;
			sourceTree = "<group>";
		};
		48E92EC827CF6A1D00644FD6 = {
			isa = PBXGroup;
			children = (
				48E92ED327CF6A1D00644FD6 /* TMDB Project */,
				48E92ED227CF6A1D00644FD6 /* Products */,
			);
			sourceTree = "<group>";
		};
		48E92ED227CF6A1D00644FD6 /* Products */ = {
			isa = PBXGroup;
			children = (
				48E92ED127CF6A1D00644FD6 /* TMDB Project.app */,
			);
			name = Products;
			sourceTree = "<group>";
		};
		48E92ED327CF6A1D00644FD6 /* TMDB Project */ = {
			isa = PBXGroup;
			children = (
				48E92ED427CF6A1D00644FD6 /* AppDelegate.swift */,
				48E92ED627CF6A1D00644FD6 /* SceneDelegate.swift */,
				48B5722A27D04A570003B3C9 /* Model */,
				48B5722B27D04A5F0003B3C9 /* View */,
				48B5722C27D04A680003B3C9 /* ViewModel */,
				48B5722D27D04A710003B3C9 /* Controller */,
				48B5723127D04FD40003B3C9 /* API */,
				48B5722E27D04A800003B3C9 /* Utils */,
				48E92EDD27CF6A1E00644FD6 /* Assets.xcassets */,
				48E92EDF27CF6A1E00644FD6 /* LaunchScreen.storyboard */,
				48E92EE227CF6A1E00644FD6 /* Info.plist */,
			);
			path = "TMDB Project";
			sourceTree = "<group>";
		};
/* End PBXGroup section */

/* Begin PBXNativeTarget section */
		48E92ED027CF6A1D00644FD6 /* TMDB Project */ = {
			isa = PBXNativeTarget;
			buildConfigurationList = 48E92EE527CF6A1E00644FD6 /* Build configuration list for PBXNativeTarget "TMDB Project" */;
			buildPhases = (
				48E92ECD27CF6A1D00644FD6 /* Sources */,
				48E92ECE27CF6A1D00644FD6 /* Frameworks */,
				48E92ECF27CF6A1D00644FD6 /* Resources */,
			);
			buildRules = (
			);
			dependencies = (
			);
			name = "TMDB Project";
			packageProductDependencies = (
				48B5723B27D0564F0003B3C9 /* SDWebImage */,
				48B5723D27D0564F0003B3C9 /* SDWebImageMapKit */,
			);
			productName = "TMDB Project";
			productReference = 48E92ED127CF6A1D00644FD6 /* TMDB Project.app */;
			productType = "com.apple.product-type.application";
		};
/* End PBXNativeTarget section */

/* Begin PBXProject section */
		48E92EC927CF6A1D00644FD6 /* Project object */ = {
			isa = PBXProject;
			attributes = {
				BuildIndependentTargetsInParallel = 1;
				LastSwiftUpdateCheck = 1320;
				LastUpgradeCheck = 1320;
				TargetAttributes = {
					48E92ED027CF6A1D00644FD6 = {
						CreatedOnToolsVersion = 13.2.1;
					};
				};
			};
			buildConfigurationList = 48E92ECC27CF6A1D00644FD6 /* Build configuration list for PBXProject "TMDB Project" */;
			compatibilityVersion = "Xcode 13.0";
			developmentRegion = en;
			hasScannedForEncodings = 0;
			knownRegions = (
				en,
				Base,
			);
			mainGroup = 48E92EC827CF6A1D00644FD6;
			packageReferences = (
				48B5723A27D0564E0003B3C9 /* XCRemoteSwiftPackageReference "SDWebImage" */,
			);
			productRefGroup = 48E92ED227CF6A1D00644FD6 /* Products */;
			projectDirPath = "";
			projectRoot = "";
			targets = (
				48E92ED027CF6A1D00644FD6 /* TMDB Project */,
			);
		};
/* End PBXProject section */

/* Begin PBXResourcesBuildPhase section */
		48E92ECF27CF6A1D00644FD6 /* Resources */ = {
			isa = PBXResourcesBuildPhase;
			buildActionMask = 2147483647;
			files = (
				48E92EE127CF6A1E00644FD6 /* LaunchScreen.storyboard in Resources */,
				48E92EDE27CF6A1E00644FD6 /* Assets.xcassets in Resources */,
			);
			runOnlyForDeploymentPostprocessing = 0;
		};
/* End PBXResourcesBuildPhase section */

/* Begin PBXSourcesBuildPhase section */
		48E92ECD27CF6A1D00644FD6 /* Sources */ = {
			isa = PBXSourcesBuildPhase;
			buildActionMask = 2147483647;
			files = (
				48B5723527D051680003B3C9 /* Title.swift in Sources */,
				48E92EEB27CF721700644FD6 /* HeroHeaderView.swift in Sources */,
				48B5723027D04C610003B3C9 /* TitleCollectionViewCell.swift in Sources */,
				48E92EED27CF726500644FD6 /* Extensions.swift in Sources */,
				48B5724B27D3395E0003B3C9 /* ExploreController.swift in Sources */,
				48E92ED927CF6A1D00644FD6 /* HomeController.swift in Sources */,
				48B5723927D0545F0003B3C9 /* TitleViewModel.swift in Sources */,
				48B5724627D0A2490003B3C9 /* TitlePreviewViewModel.swift in Sources */,
				48B5723327D0505C0003B3C9 /* APICaller.swift in Sources */,
				48E92ED527CF6A1D00644FD6 /* AppDelegate.swift in Sources */,
				48E92EE927CF6F6900644FD6 /* CollectionViewTableViewCell.swift in Sources */,
				48E92ED727CF6A1D00644FD6 /* SceneDelegate.swift in Sources */,
				48B5724427D09E7E0003B3C9 /* TitleTableViewCell.swift in Sources */,
				48B5724227D09BCC0003B3C9 /* SearchResultsController.swift in Sources */,
				48B5723727D0533F0003B3C9 /* YoutubeSearchResponse.swift in Sources */,
				48B5724827D0A4E20003B3C9 /* TitlePreviewController.swift in Sources */,
			);
			runOnlyForDeploymentPostprocessing = 0;
		};
/* End PBXSourcesBuildPhase section */

/* Begin PBXVariantGroup section */
		48E92EDF27CF6A1E00644FD6 /* LaunchScreen.storyboard */ = {
			isa = PBXVariantGroup;
			children = (
				48E92EE027CF6A1E00644FD6 /* Base */,
			);
			name = LaunchScreen.storyboard;
			sourceTree = "<group>";
		};
/* End PBXVariantGroup section */

/* Begin XCBuildConfiguration section */
		48E92EE327CF6A1E00644FD6 /* Debug */ = {
			isa = XCBuildConfiguration;
			buildSettings = {
				ALWAYS_SEARCH_USER_PATHS = NO;
				CLANG_ANALYZER_NONNULL = YES;
				CLANG_ANALYZER_NUMBER_OBJECT_CONVERSION = YES_AGGRESSIVE;
				CLANG_CXX_LANGUAGE_STANDARD = "gnu++17";
				CLANG_CXX_LIBRARY = "libc++";
				CLANG_ENABLE_MODULES = YES;
				CLANG_ENABLE_OBJC_ARC = YES;
				CLANG_ENABLE_OBJC_WEAK = YES;
				CLANG_WARN_BLOCK_CAPTURE_AUTORELEASING = YES;
				CLANG_WARN_BOOL_CONVERSION = YES;
				CLANG_WARN_COMMA = YES;
				CLANG_WARN_CONSTANT_CONVERSION = YES;
				CLANG_WARN_DEPRECATED_OBJC_IMPLEMENTATIONS = YES;
				CLANG_WARN_DIRECT_OBJC_ISA_USAGE = YES_ERROR;
				CLANG_WARN_DOCUMENTATION_COMMENTS = YES;
				CLANG_WARN_EMPTY_BODY = YES;
				CLANG_WARN_ENUM_CONVERSION = YES;
				CLANG_WARN_INFINITE_RECURSION = YES;
				CLANG_WARN_INT_CONVERSION = YES;
				CLANG_WARN_NON_LITERAL_NULL_CONVERSION = YES;
				CLANG_WARN_OBJC_IMPLICIT_RETAIN_SELF = YES;
				CLANG_WARN_OBJC_LITERAL_CONVERSION = YES;
				CLANG_WARN_OBJC_ROOT_CLASS = YES_ERROR;
				CLANG_WARN_QUOTED_INCLUDE_IN_FRAMEWORK_HEADER = YES;
				CLANG_WARN_RANGE_LOOP_ANALYSIS = YES;
				CLANG_WARN_STRICT_PROTOTYPES = YES;
				CLANG_WARN_SUSPICIOUS_MOVE = YES;
				CLANG_WARN_UNGUARDED_AVAILABILITY = YES_AGGRESSIVE;
				CLANG_WARN_UNREACHABLE_CODE = YES;
				CLANG_WARN__DUPLICATE_METHOD_MATCH = YES;
				COPY_PHASE_STRIP = NO;
				DEBUG_INFORMATION_FORMAT = dwarf;
				ENABLE_STRICT_OBJC_MSGSEND = YES;
				ENABLE_TESTABILITY = YES;
				GCC_C_LANGUAGE_STANDARD = gnu11;
				GCC_DYNAMIC_NO_PIC = NO;
				GCC_NO_COMMON_BLOCKS = YES;
				GCC_OPTIMIZATION_LEVEL = 0;
				GCC_PREPROCESSOR_DEFINITIONS = (
					"DEBUG=1",
					"$(inherited)",
				);
				GCC_WARN_64_TO_32_BIT_CONVERSION = YES;
				GCC_WARN_ABOUT_RETURN_TYPE = YES_ERROR;
				GCC_WARN_UNDECLARED_SELECTOR = YES;
				GCC_WARN_UNINITIALIZED_AUTOS = YES_AGGRESSIVE;
				GCC_WARN_UNUSED_FUNCTION = YES;
				GCC_WARN_UNUSED_VARIABLE = YES;
				IPHONEOS_DEPLOYMENT_TARGET = 15.2;
				MTL_ENABLE_DEBUG_INFO = INCLUDE_SOURCE;
				MTL_FAST_MATH = YES;
				ONLY_ACTIVE_ARCH = YES;
				SDKROOT = iphoneos;
				SWIFT_ACTIVE_COMPILATION_CONDITIONS = DEBUG;
				SWIFT_OPTIMIZATION_LEVEL = "-Onone";
			};
			name = Debug;
		};
		48E92EE427CF6A1E00644FD6 /* Release */ = {
			isa = XCBuildConfiguration;
			buildSettings = {
				ALWAYS_SEARCH_USER_PATHS = NO;
				CLANG_ANALYZER_NONNULL = YES;
				CLANG_ANALYZER_NUMBER_OBJECT_CONVERSION = YES_AGGRESSIVE;
				CLANG_CXX_LANGUAGE_STANDARD = "gnu++17";
				CLANG_CXX_LIBRARY = "libc++";
				CLANG_ENABLE_MODULES = YES;
				CLANG_ENABLE_OBJC_ARC = YES;
				CLANG_ENABLE_OBJC_WEAK = YES;
				CLANG_WARN_BLOCK_CAPTURE_AUTORELEASING = YES;
				CLANG_WARN_BOOL_CONVERSION = YES;
				CLANG_WARN_COMMA = YES;
				CLANG_WARN_CONSTANT_CONVERSION = YES;
				CLANG_WARN_DEPRECATED_OBJC_IMPLEMENTATIONS = YES;
				CLANG_WARN_DIRECT_OBJC_ISA_USAGE = YES_ERROR;
				CLANG_WARN_DOCUMENTATION_COMMENTS = YES;
				CLANG_WARN_EMPTY_BODY = YES;
				CLANG_WARN_ENUM_CONVERSION = YES;
				CLANG_WARN_INFINITE_RECURSION = YES;
				CLANG_WARN_INT_CONVERSION = YES;
				CLANG_WARN_NON_LITERAL_NULL_CONVERSION = YES;
				CLANG_WARN_OBJC_IMPLICIT_RETAIN_SELF = YES;
				CLANG_WARN_OBJC_LITERAL_CONVERSION = YES;
				CLANG_WARN_OBJC_ROOT_CLASS = YES_ERROR;
				CLANG_WARN_QUOTED_INCLUDE_IN_FRAMEWORK_HEADER = YES;
				CLANG_WARN_RANGE_LOOP_ANALYSIS = YES;
				CLANG_WARN_STRICT_PROTOTYPES = YES;
				CLANG_WARN_SUSPICIOUS_MOVE = YES;
				CLANG_WARN_UNGUARDED_AVAILABILITY = YES_AGGRESSIVE;
				CLANG_WARN_UNREACHABLE_CODE = YES;
				CLANG_WARN__DUPLICATE_METHOD_MATCH = YES;
				COPY_PHASE_STRIP = NO;
				DEBUG_INFORMATION_FORMAT = "dwarf-with-dsym";
				ENABLE_NS_ASSERTIONS = NO;
				ENABLE_STRICT_OBJC_MSGSEND = YES;
				GCC_C_LANGUAGE_STANDARD = gnu11;
				GCC_NO_COMMON_BLOCKS = YES;
				GCC_WARN_64_TO_32_BIT_CONVERSION = YES;
				GCC_WARN_ABOUT_RETURN_TYPE = YES_ERROR;
				GCC_WARN_UNDECLARED_SELECTOR = YES;
				GCC_WARN_UNINITIALIZED_AUTOS = YES_AGGRESSIVE;
				GCC_WARN_UNUSED_FUNCTION = YES;
				GCC_WARN_UNUSED_VARIABLE = YES;
				IPHONEOS_DEPLOYMENT_TARGET = 15.2;
				MTL_ENABLE_DEBUG_INFO = NO;
				MTL_FAST_MATH = YES;
				SDKROOT = iphoneos;
				SWIFT_COMPILATION_MODE = wholemodule;
				SWIFT_OPTIMIZATION_LEVEL = "-O";
				VALIDATE_PRODUCT = YES;
			};
			name = Release;
		};
		48E92EE627CF6A1E00644FD6 /* Debug */ = {
			isa = XCBuildConfiguration;
			buildSettings = {
				ASSETCATALOG_COMPILER_APPICON_NAME = AppIcon;
				ASSETCATALOG_COMPILER_GLOBAL_ACCENT_COLOR_NAME = AccentColor;
				CODE_SIGN_STYLE = Automatic;
				CURRENT_PROJECT_VERSION = 1;
				DEVELOPMENT_TEAM = H8YQBNNYZ2;
				GENERATE_INFOPLIST_FILE = YES;
				INFOPLIST_FILE = "TMDB Project/Info.plist";
				INFOPLIST_KEY_UIApplicationSupportsIndirectInputEvents = YES;
				INFOPLIST_KEY_UILaunchStoryboardName = LaunchScreen;
				INFOPLIST_KEY_UISupportedInterfaceOrientations_iPad = "UIInterfaceOrientationPortrait UIInterfaceOrientationPortraitUpsideDown UIInterfaceOrientationLandscapeLeft UIInterfaceOrientationLandscapeRight";
				INFOPLIST_KEY_UISupportedInterfaceOrientations_iPhone = "UIInterfaceOrientationPortrait UIInterfaceOrientationLandscapeLeft UIInterfaceOrientationLandscapeRight";
				LD_RUNPATH_SEARCH_PATHS = (
					"$(inherited)",
					"@executable_path/Frameworks",
				);
				MARKETING_VERSION = 1.0;
				PRODUCT_BUNDLE_IDENTIFIER = com.johnpadilla.TMDBProject;
				PRODUCT_NAME = "$(TARGET_NAME)";
				SWIFT_EMIT_LOC_STRINGS = YES;
				SWIFT_VERSION = 5.0;
				TARGETED_DEVICE_FAMILY = "1,2";
			};
			name = Debug;
		};
		48E92EE727CF6A1E00644FD6 /* Release */ = {
			isa = XCBuildConfiguration;
			buildSettings = {
				ASSETCATALOG_COMPILER_APPICON_NAME = AppIcon;
				ASSETCATALOG_COMPILER_GLOBAL_ACCENT_COLOR_NAME = AccentColor;
				CODE_SIGN_STYLE = Automatic;
				CURRENT_PROJECT_VERSION = 1;
				DEVELOPMENT_TEAM = H8YQBNNYZ2;
				GENERATE_INFOPLIST_FILE = YES;
				INFOPLIST_FILE = "TMDB Project/Info.plist";
				INFOPLIST_KEY_UIApplicationSupportsIndirectInputEvents = YES;
				INFOPLIST_KEY_UILaunchStoryboardName = LaunchScreen;
				INFOPLIST_KEY_UISupportedInterfaceOrientations_iPad = "UIInterfaceOrientationPortrait UIInterfaceOrientationPortraitUpsideDown UIInterfaceOrientationLandscapeLeft UIInterfaceOrientationLandscapeRight";
				INFOPLIST_KEY_UISupportedInterfaceOrientations_iPhone = "UIInterfaceOrientationPortrait UIInterfaceOrientationLandscapeLeft UIInterfaceOrientationLandscapeRight";
				LD_RUNPATH_SEARCH_PATHS = (
					"$(inherited)",
					"@executable_path/Frameworks",
				);
				MARKETING_VERSION = 1.0;
				PRODUCT_BUNDLE_IDENTIFIER = com.johnpadilla.TMDBProject;
				PRODUCT_NAME = "$(TARGET_NAME)";
				SWIFT_EMIT_LOC_STRINGS = YES;
				SWIFT_VERSION = 5.0;
				TARGETED_DEVICE_FAMILY = "1,2";
			};
			name = Release;
		};
/* End XCBuildConfiguration section */

/* Begin XCConfigurationList section */
		48E92ECC27CF6A1D00644FD6 /* Build configuration list for PBXProject "TMDB Project" */ = {
			isa = XCConfigurationList;
			buildConfigurations = (
				48E92EE327CF6A1E00644FD6 /* Debug */,
				48E92EE427CF6A1E00644FD6 /* Release */,
			);
			defaultConfigurationIsVisible = 0;
			defaultConfigurationName = Release;
		};
		48E92EE527CF6A1E00644FD6 /* Build configuration list for PBXNativeTarget "TMDB Project" */ = {
			isa = XCConfigurationList;
			buildConfigurations = (
				48E92EE627CF6A1E00644FD6 /* Debug */,
				48E92EE727CF6A1E00644FD6 /* Release */,
			);
			defaultConfigurationIsVisible = 0;
			defaultConfigurationName = Release;
		};
/* End XCConfigurationList section */

/* Begin XCRemoteSwiftPackageReference section */
		48B5723A27D0564E0003B3C9 /* XCRemoteSwiftPackageReference "SDWebImage" */ = {
			isa = XCRemoteSwiftPackageReference;
			repositoryURL = "https://github.com/SDWebImage/SDWebImage.git";
			requirement = {
				branch = master;
				kind = branch;
			};
		};
/* End XCRemoteSwiftPackageReference section */

/* Begin XCSwiftPackageProductDependency section */
		48B5723B27D0564F0003B3C9 /* SDWebImage */ = {
			isa = XCSwiftPackageProductDependency;
			package = 48B5723A27D0564E0003B3C9 /* XCRemoteSwiftPackageReference "SDWebImage" */;
			productName = SDWebImage;
		};
		48B5723D27D0564F0003B3C9 /* SDWebImageMapKit */ = {
			isa = XCSwiftPackageProductDependency;
			package = 48B5723A27D0564E0003B3C9 /* XCRemoteSwiftPackageReference "SDWebImage" */;
			productName = SDWebImageMapKit;
		};
/* End XCSwiftPackageProductDependency section */
	};
	rootObject = 48E92EC927CF6A1D00644FD6 /* Project object */;
}
